// !$*UTF8*$!
{
	archiveVersion = 1;
	classes = {
	};
	objectVersion = 56;
	objects = {

/* Begin PBXBuildFile section */
		49A5D0B92A543590003BA400 /* TestConverterApp.swift in Sources */ = {isa = PBXBuildFile; fileRef = 49A5D0B82A543590003BA400 /* TestConverterApp.swift */; };
		49A5D0BD2A543592003BA400 /* Assets.xcassets in Resources */ = {isa = PBXBuildFile; fileRef = 49A5D0BC2A543592003BA400 /* Assets.xcassets */; };
		49A5D0C02A543592003BA400 /* Preview Assets.xcassets in Resources */ = {isa = PBXBuildFile; fileRef = 49A5D0BF2A543592003BA400 /* Preview Assets.xcassets */; };
		49A5D0CA2A5437C0003BA400 /* CurrencyView.swift in Sources */ = {isa = PBXBuildFile; fileRef = 49A5D0C92A5437C0003BA400 /* CurrencyView.swift */; };
		49A5D0CC2A5437F2003BA400 /* CurrencyViewModel.swift in Sources */ = {isa = PBXBuildFile; fileRef = 49A5D0CB2A5437F2003BA400 /* CurrencyViewModel.swift */; };
		49A5D0CF2A544371003BA400 /* ConversionResult.swift in Sources */ = {isa = PBXBuildFile; fileRef = 49A5D0CE2A544371003BA400 /* ConversionResult.swift */; };
		49A5D0D12A544389003BA400 /* CurrencyService.swift in Sources */ = {isa = PBXBuildFile; fileRef = 49A5D0D02A544389003BA400 /* CurrencyService.swift */; };
/* End PBXBuildFile section */

/* Begin PBXFileReference section */
		49A5D0B52A543590003BA400 /* TestConverter.app */ = {isa = PBXFileReference; explicitFileType = wrapper.application; includeInIndex = 0; path = TestConverter.app; sourceTree = BUILT_PRODUCTS_DIR; };
		49A5D0B82A543590003BA400 /* TestConverterApp.swift */ = {isa = PBXFileReference; lastKnownFileType = sourcecode.swift; path = TestConverterApp.swift; sourceTree = "<group>"; };
		49A5D0BC2A543592003BA400 /* Assets.xcassets */ = {isa = PBXFileReference; lastKnownFileType = folder.assetcatalog; path = Assets.xcassets; sourceTree = "<group>"; };
		49A5D0BF2A543592003BA400 /* Preview Assets.xcassets */ = {isa = PBXFileReference; lastKnownFileType = folder.assetcatalog; path = "Preview Assets.xcassets"; sourceTree = "<group>"; };
		49A5D0C92A5437C0003BA400 /* CurrencyView.swift */ = {isa = PBXFileReference; lastKnownFileType = sourcecode.swift; path = CurrencyView.swift; sourceTree = "<group>"; };
		49A5D0CB2A5437F2003BA400 /* CurrencyViewModel.swift */ = {isa = PBXFileReference; lastKnownFileType = sourcecode.swift; path = CurrencyViewModel.swift; sourceTree = "<group>"; };
		49A5D0CE2A544371003BA400 /* ConversionResult.swift */ = {isa = PBXFileReference; lastKnownFileType = sourcecode.swift; path = ConversionResult.swift; sourceTree = "<group>"; };
		49A5D0D02A544389003BA400 /* CurrencyService.swift */ = {isa = PBXFileReference; lastKnownFileType = sourcecode.swift; path = CurrencyService.swift; sourceTree = "<group>"; };
/* End PBXFileReference section */

/* Begin PBXFrameworksBuildPhase section */
		49A5D0B22A543590003BA400 /* Frameworks */ = {
			isa = PBXFrameworksBuildPhase;
			buildActionMask = 2147483647;
			files = (
			);
			runOnlyForDeploymentPostprocessing = 0;
		};
/* End PBXFrameworksBuildPhase section */

/* Begin PBXGroup section */
		49A5D0AC2A543590003BA400 = {
			isa = PBXGroup;
			children = (
				49A5D0B72A543590003BA400 /* TestConverter */,
				49A5D0B62A543590003BA400 /* Products */,
			);
			sourceTree = "<group>";
		};
		49A5D0B62A543590003BA400 /* Products */ = {
			isa = PBXGroup;
			children = (
				49A5D0B52A543590003BA400 /* TestConverter.app */,
			);
			name = Products;
			sourceTree = "<group>";
		};
		49A5D0B72A543590003BA400 /* TestConverter */ = {
			isa = PBXGroup;
			children = (
				49A5D0C62A54379C003BA400 /* Currency */,
				49A5D0B82A543590003BA400 /* TestConverterApp.swift */,
				49A5D0BC2A543592003BA400 /* Assets.xcassets */,
				49A5D0BE2A543592003BA400 /* Preview Content */,
			);
			path = TestConverter;
			sourceTree = "<group>";
		};
		49A5D0BE2A543592003BA400 /* Preview Content */ = {
			isa = PBXGroup;
			children = (
				49A5D0BF2A543592003BA400 /* Preview Assets.xcassets */,
			);
			path = "Preview Content";
			sourceTree = "<group>";
		};
		49A5D0C62A54379C003BA400 /* Currency */ = {
			isa = PBXGroup;
			children = (
				49A5D0CD2A54435E003BA400 /* Model */,
				49A5D0C82A5437AB003BA400 /* ViewModel */,
				49A5D0C72A5437A3003BA400 /* View */,
			);
			path = Currency;
			sourceTree = "<group>";
		};
		49A5D0C72A5437A3003BA400 /* View */ = {
			isa = PBXGroup;
			children = (
				49A5D0C92A5437C0003BA400 /* CurrencyView.swift */,
			);
			path = View;
			sourceTree = "<group>";
		};
		49A5D0C82A5437AB003BA400 /* ViewModel */ = {
			isa = PBXGroup;
			children = (
				49A5D0CB2A5437F2003BA400 /* CurrencyViewModel.swift */,
				49A5D0D02A544389003BA400 /* CurrencyService.swift */,
			);
			path = ViewModel;
			sourceTree = "<group>";
		};
		49A5D0CD2A54435E003BA400 /* Model */ = {
			isa = PBXGroup;
			children = (
				49A5D0CE2A544371003BA400 /* ConversionResult.swift */,
			);
			path = Model;
			sourceTree = "<group>";
		};
/* End PBXGroup section */

/* Begin PBXNativeTarget section */
		49A5D0B42A543590003BA400 /* TestConverter */ = {
			isa = PBXNativeTarget;
			buildConfigurationList = 49A5D0C32A543592003BA400 /* Build configuration list for PBXNativeTarget "TestConverter" */;
			buildPhases = (
				49A5D0B12A543590003BA400 /* Sources */,
				49A5D0B22A543590003BA400 /* Frameworks */,
				49A5D0B32A543590003BA400 /* Resources */,
			);
			buildRules = (
			);
			dependencies = (
			);
			name = TestConverter;
			productName = TestConverter;
			productReference = 49A5D0B52A543590003BA400 /* TestConverter.app */;
			productType = "com.apple.product-type.application";
		};
/* End PBXNativeTarget section */

/* Begin PBXProject section */
		49A5D0AD2A543590003BA400 /* Project object */ = {
			isa = PBXProject;
			attributes = {
				BuildIndependentTargetsInParallel = 1;
				LastSwiftUpdateCheck = 1400;
				LastUpgradeCheck = 1400;
				TargetAttributes = {
					49A5D0B42A543590003BA400 = {
						CreatedOnToolsVersion = 14.0;
					};
				};
			};
			buildConfigurationList = 49A5D0B02A543590003BA400 /* Build configuration list for PBXProject "TestConverter" */;
			compatibilityVersion = "Xcode 14.0";
			developmentRegion = en;
			hasScannedForEncodings = 0;
			knownRegions = (
				en,
				Base,
			);
			mainGroup = 49A5D0AC2A543590003BA400;
			productRefGroup = 49A5D0B62A543590003BA400 /* Products */;
			projectDirPath = "";
			projectRoot = "";
			targets = (
				49A5D0B42A543590003BA400 /* TestConverter */,
			);
		};
/* End PBXProject section */

/* Begin PBXResourcesBuildPhase section */
		49A5D0B32A543590003BA400 /* Resources */ = {
			isa = PBXResourcesBuildPhase;
			buildActionMask = 2147483647;
			files = (
				49A5D0C02A543592003BA400 /* Preview Assets.xcassets in Resources */,
				49A5D0BD2A543592003BA400 /* Assets.xcassets in Resources */,
			);
			runOnlyForDeploymentPostprocessing = 0;
		};
/* End PBXResourcesBuildPhase section */

/* Begin PBXSourcesBuildPhase section */
		49A5D0B12A543590003BA400 /* Sources */ = {
			isa = PBXSourcesBuildPhase;
			buildActionMask = 2147483647;
			files = (
				49A5D0D12A544389003BA400 /* CurrencyService.swift in Sources */,
				49A5D0CC2A5437F2003BA400 /* CurrencyViewModel.swift in Sources */,
				49A5D0CA2A5437C0003BA400 /* CurrencyView.swift in Sources */,
				49A5D0CF2A544371003BA400 /* ConversionResult.swift in Sources */,
				49A5D0B92A543590003BA400 /* TestConverterApp.swift in Sources */,
			);
			runOnlyForDeploymentPostprocessing = 0;
		};
/* End PBXSourcesBuildPhase section */

/* Begin XCBuildConfiguration section */
		49A5D0C12A543592003BA400 /* Debug */ = {
			isa = XCBuildConfiguration;
			buildSettings = {
				ALWAYS_SEARCH_USER_PATHS = NO;
				CLANG_ANALYZER_NONNULL = YES;
				CLANG_ANALYZER_NUMBER_OBJECT_CONVERSION = YES_AGGRESSIVE;
				CLANG_CXX_LANGUAGE_STANDARD = "gnu++20";
				CLANG_ENABLE_MODULES = YES;
				CLANG_ENABLE_OBJC_ARC = YES;
				CLANG_ENABLE_OBJC_WEAK = YES;
				CLANG_WARN_BLOCK_CAPTURE_AUTORELEASING = YES;
				CLANG_WARN_BOOL_CONVERSION = YES;
				CLANG_WARN_COMMA = YES;
				CLANG_WARN_CONSTANT_CONVERSION = YES;
				CLANG_WARN_DEPRECATED_OBJC_IMPLEMENTATIONS = YES;
				CLANG_WARN_DIRECT_OBJC_ISA_USAGE = YES_ERROR;
				CLANG_WARN_DOCUMENTATION_COMMENTS = YES;
				CLANG_WARN_EMPTY_BODY = YES;
				CLANG_WARN_ENUM_CONVERSION = YES;
				CLANG_WARN_INFINITE_RECURSION = YES;
				CLANG_WARN_INT_CONVERSION = YES;
				CLANG_WARN_NON_LITERAL_NULL_CONVERSION = YES;
				CLANG_WARN_OBJC_IMPLICIT_RETAIN_SELF = YES;
				CLANG_WARN_OBJC_LITERAL_CONVERSION = YES;
				CLANG_WARN_OBJC_ROOT_CLASS = YES_ERROR;
				CLANG_WARN_QUOTED_INCLUDE_IN_FRAMEWORK_HEADER = YES;
				CLANG_WARN_RANGE_LOOP_ANALYSIS = YES;
				CLANG_WARN_STRICT_PROTOTYPES = YES;
				CLANG_WARN_SUSPICIOUS_MOVE = YES;
				CLANG_WARN_UNGUARDED_AVAILABILITY = YES_AGGRESSIVE;
				CLANG_WARN_UNREACHABLE_CODE = YES;
				CLANG_WARN__DUPLICATE_METHOD_MATCH = YES;
				COPY_PHASE_STRIP = NO;
				DEBUG_INFORMATION_FORMAT = dwarf;
				ENABLE_STRICT_OBJC_MSGSEND = YES;
				ENABLE_TESTABILITY = YES;
				GCC_C_LANGUAGE_STANDARD = gnu11;
				GCC_DYNAMIC_NO_PIC = NO;
				GCC_NO_COMMON_BLOCKS = YES;
				GCC_OPTIMIZATION_LEVEL = 0;
				GCC_PREPROCESSOR_DEFINITIONS = (
					"DEBUG=1",
					"$(inherited)",
				);
				GCC_WARN_64_TO_32_BIT_CONVERSION = YES;
				GCC_WARN_ABOUT_RETURN_TYPE = YES_ERROR;
				GCC_WARN_UNDECLARED_SELECTOR = YES;
				GCC_WARN_UNINITIALIZED_AUTOS = YES_AGGRESSIVE;
				GCC_WARN_UNUSED_FUNCTION = YES;
				GCC_WARN_UNUSED_VARIABLE = YES;
				IPHONEOS_DEPLOYMENT_TARGET = 16.0;
				MTL_ENABLE_DEBUG_INFO = INCLUDE_SOURCE;
				MTL_FAST_MATH = YES;
				ONLY_ACTIVE_ARCH = YES;
				SDKROOT = iphoneos;
				SWIFT_ACTIVE_COMPILATION_CONDITIONS = DEBUG;
				SWIFT_OPTIMIZATION_LEVEL = "-Onone";
			};
			name = Debug;
		};
		49A5D0C22A543592003BA400 /* Release */ = {
			isa = XCBuildConfiguration;
			buildSettings = {
				ALWAYS_SEARCH_USER_PATHS = NO;
				CLANG_ANALYZER_NONNULL = YES;
				CLANG_ANALYZER_NUMBER_OBJECT_CONVERSION = YES_AGGRESSIVE;
				CLANG_CXX_LANGUAGE_STANDARD = "gnu++20";
				CLANG_ENABLE_MODULES = YES;
				CLANG_ENABLE_OBJC_ARC = YES;
				CLANG_ENABLE_OBJC_WEAK = YES;
				CLANG_WARN_BLOCK_CAPTURE_AUTORELEASING = YES;
				CLANG_WARN_BOOL_CONVERSION = YES;
				CLANG_WARN_COMMA = YES;
				CLANG_WARN_CONSTANT_CONVERSION = YES;
				CLANG_WARN_DEPRECATED_OBJC_IMPLEMENTATIONS = YES;
				CLANG_WARN_DIRECT_OBJC_ISA_USAGE = YES_ERROR;
				CLANG_WARN_DOCUMENTATION_COMMENTS = YES;
				CLANG_WARN_EMPTY_BODY = YES;
				CLANG_WARN_ENUM_CONVERSION = YES;
				CLANG_WARN_INFINITE_RECURSION = YES;
				CLANG_WARN_INT_CONVERSION = YES;
				CLANG_WARN_NON_LITERAL_NULL_CONVERSION = YES;
				CLANG_WARN_OBJC_IMPLICIT_RETAIN_SELF = YES;
				CLANG_WARN_OBJC_LITERAL_CONVERSION = YES;
				CLANG_WARN_OBJC_ROOT_CLASS = YES_ERROR;
				CLANG_WARN_QUOTED_INCLUDE_IN_FRAMEWORK_HEADER = YES;
				CLANG_WARN_RANGE_LOOP_ANALYSIS = YES;
				CLANG_WARN_STRICT_PROTOTYPES = YES;
				CLANG_WARN_SUSPICIOUS_MOVE = YES;
				CLANG_WARN_UNGUARDED_AVAILABILITY = YES_AGGRESSIVE;
				CLANG_WARN_UNREACHABLE_CODE = YES;
				CLANG_WARN__DUPLICATE_METHOD_MATCH = YES;
				COPY_PHASE_STRIP = NO;
				DEBUG_INFORMATION_FORMAT = "dwarf-with-dsym";
				ENABLE_NS_ASSERTIONS = NO;
				ENABLE_STRICT_OBJC_MSGSEND = YES;
				GCC_C_LANGUAGE_STANDARD = gnu11;
				GCC_NO_COMMON_BLOCKS = YES;
				GCC_WARN_64_TO_32_BIT_CONVERSION = YES;
				GCC_WARN_ABOUT_RETURN_TYPE = YES_ERROR;
				GCC_WARN_UNDECLARED_SELECTOR = YES;
				GCC_WARN_UNINITIALIZED_AUTOS = YES_AGGRESSIVE;
				GCC_WARN_UNUSED_FUNCTION = YES;
				GCC_WARN_UNUSED_VARIABLE = YES;
				IPHONEOS_DEPLOYMENT_TARGET = 16.0;
				MTL_ENABLE_DEBUG_INFO = NO;
				MTL_FAST_MATH = YES;
				SDKROOT = iphoneos;
				SWIFT_COMPILATION_MODE = wholemodule;
				SWIFT_OPTIMIZATION_LEVEL = "-O";
				VALIDATE_PRODUCT = YES;
			};
			name = Release;
		};
		49A5D0C42A543592003BA400 /* Debug */ = {
			isa = XCBuildConfiguration;
			buildSettings = {
				ASSETCATALOG_COMPILER_APPICON_NAME = AppIcon;
				ASSETCATALOG_COMPILER_GLOBAL_ACCENT_COLOR_NAME = AccentColor;
				CODE_SIGN_STYLE = Automatic;
				CURRENT_PROJECT_VERSION = 1;
				DEVELOPMENT_ASSET_PATHS = "\"TestConverter/Preview Content\"";
				DEVELOPMENT_TEAM = 7S49FN692J;
				ENABLE_PREVIEWS = YES;
				GENERATE_INFOPLIST_FILE = YES;
				INFOPLIST_KEY_UIApplicationSceneManifest_Generation = YES;
				INFOPLIST_KEY_UIApplicationSupportsIndirectInputEvents = YES;
				INFOPLIST_KEY_UILaunchScreen_Generation = YES;
				INFOPLIST_KEY_UISupportedInterfaceOrientations_iPad = "UIInterfaceOrientationPortrait UIInterfaceOrientationPortraitUpsideDown UIInterfaceOrientationLandscapeLeft UIInterfaceOrientationLandscapeRight";
				INFOPLIST_KEY_UISupportedInterfaceOrientations_iPhone = "UIInterfaceOrientationPortrait UIInterfaceOrientationLandscapeLeft UIInterfaceOrientationLandscapeRight";
				LD_RUNPATH_SEARCH_PATHS = (
					"$(inherited)",
					"@executable_path/Frameworks",
				);
				MARKETING_VERSION = 1.0;
				PRODUCT_BUNDLE_IDENTIFIER = nixontv.TestConverter;
				PRODUCT_NAME = "$(TARGET_NAME)";
				SWIFT_EMIT_LOC_STRINGS = YES;
				SWIFT_VERSION = 5.0;
				TARGETED_DEVICE_FAMILY = "1,2";
			};
			name = Debug;
		};
		49A5D0C52A543592003BA400 /* Release */ = {
			isa = XCBuildConfiguration;
			buildSettings = {
				ASSETCATALOG_COMPILER_APPICON_NAME = AppIcon;
				ASSETCATALOG_COMPILER_GLOBAL_ACCENT_COLOR_NAME = AccentColor;
				CODE_SIGN_STYLE = Automatic;
				CURRENT_PROJECT_VERSION = 1;
				DEVELOPMENT_ASSET_PATHS = "\"TestConverter/Preview Content\"";
				DEVELOPMENT_TEAM = 7S49FN692J;
				ENABLE_PREVIEWS = YES;
				GENERATE_INFOPLIST_FILE = YES;
				INFOPLIST_KEY_UIApplicationSceneManifest_Generation = YES;
				INFOPLIST_KEY_UIApplicationSupportsIndirectInputEvents = YES;
				INFOPLIST_KEY_UILaunchScreen_Generation = YES;
				INFOPLIST_KEY_UISupportedInterfaceOrientations_iPad = "UIInterfaceOrientationPortrait UIInterfaceOrientationPortraitUpsideDown UIInterfaceOrientationLandscapeLeft UIInterfaceOrientationLandscapeRight";
				INFOPLIST_KEY_UISupportedInterfaceOrientations_iPhone = "UIInterfaceOrientationPortrait UIInterfaceOrientationLandscapeLeft UIInterfaceOrientationLandscapeRight";
				LD_RUNPATH_SEARCH_PATHS = (
					"$(inherited)",
					"@executable_path/Frameworks",
				);
				MARKETING_VERSION = 1.0;
				PRODUCT_BUNDLE_IDENTIFIER = nixontv.TestConverter;
				PRODUCT_NAME = "$(TARGET_NAME)";
				SWIFT_EMIT_LOC_STRINGS = YES;
				SWIFT_VERSION = 5.0;
				TARGETED_DEVICE_FAMILY = "1,2";
			};
			name = Release;
		};
/* End XCBuildConfiguration section */

/* Begin XCConfigurationList section */
		49A5D0B02A543590003BA400 /* Build configuration list for PBXProject "TestConverter" */ = {
			isa = XCConfigurationList;
			buildConfigurations = (
				49A5D0C12A543592003BA400 /* Debug */,
				49A5D0C22A543592003BA400 /* Release */,
			);
			defaultConfigurationIsVisible = 0;
			defaultConfigurationName = Release;
		};
		49A5D0C32A543592003BA400 /* Build configuration list for PBXNativeTarget "TestConverter" */ = {
			isa = XCConfigurationList;
			buildConfigurations = (
				49A5D0C42A543592003BA400 /* Debug */,
				49A5D0C52A543592003BA400 /* Release */,
			);
			defaultConfigurationIsVisible = 0;
			defaultConfigurationName = Release;
		};
/* End XCConfigurationList section */
	};
	rootObject = 49A5D0AD2A543590003BA400 /* Project object */;
}
